
Microsoft Visual Studio Solution File, Format Version 12.00
# Visual Studio Version 16
VisualStudioVersion = 16.0.29728.190
MinimumVisualStudioVersion = 10.0.40219.1
Project("{FAE04EC0-301F-11D3-BF4B-00C04F79EFBC}") = "MoabCore", "MoabCore.csproj", "{B641BD44-1983-49EE-95CD-FC8215B6DECA}"
EndProject
Global
	GlobalSection(SolutionConfigurationPlatforms) = preSolution
		Debug|Any CPU = Debug|Any CPU
		Release|Any CPU = Release|Any CPU
	EndGlobalSection
	GlobalSection(ProjectConfigurationPlatforms) = postSolution
		{B641BD44-1983-49EE-95CD-FC8215B6DECA}.Debug|Any CPU.ActiveCfg = Debug|Any CPU
		{B641BD44-1983-49EE-95CD-FC8215B6DECA}.Debug|Any CPU.Build.0 = Debug|Any CPU
		{B641BD44-1983-49EE-95CD-FC8215B6DECA}.Release|Any CPU.ActiveCfg = Release|Any CPU
		{B641BD44-1983-49EE-95CD-FC8215B6DECA}.Release|Any CPU.Build.0 = Release|Any CPU
	EndGlobalSection
	GlobalSection(SolutionProperties) = preSolution
		HideSolutionNode = FALSE
	EndGlobalSection
	GlobalSection(ExtensibilityGlobals) = postSolution
		SolutionGuid = {46C93FF5-D28A-436E-A4E5-7333BD7C8D9E}
	EndGlobalSection
EndGlobal
